
Microsoft Visual Studio Solution File, Format Version 12.00
# Visual Studio 2012
Project("{8BC9CEB8-8B4A-11D0-8D11-00A0C91BC942}") = "Task1-1", "Laba3-Mikoladze-IST-101\Laba3-Mikoladze-IST-101.vcxproj", "{6393832D-0C8B-4837-BE56-13612D33AF05}"
EndProject
Project("{8BC9CEB8-8B4A-11D0-8D11-00A0C91BC942}") = "Task1-2", "Task1-2\Task1-2.vcxproj", "{C80377E5-A8B6-4A6E-AAA5-4DFC7490E5D8}"
EndProject
Project("{8BC9CEB8-8B4A-11D0-8D11-00A0C91BC942}") = "Task1-3", "Task1-3\Task1-3.vcxproj", "{293D1EA0-363F-49CE-9EA9-F69907D5246B}"
EndProject
Global
	GlobalSection(SolutionConfigurationPlatforms) = preSolution
		Debug|Win32 = Debug|Win32
		Release|Win32 = Release|Win32
	EndGlobalSection
	GlobalSection(ProjectConfigurationPlatforms) = postSolution
		{6393832D-0C8B-4837-BE56-13612D33AF05}.Debug|Win32.ActiveCfg = Debug|Win32
		{6393832D-0C8B-4837-BE56-13612D33AF05}.Debug|Win32.Build.0 = Debug|Win32
		{6393832D-0C8B-4837-BE56-13612D33AF05}.Release|Win32.ActiveCfg = Release|Win32
		{6393832D-0C8B-4837-BE56-13612D33AF05}.Release|Win32.Build.0 = Release|Win32
		{C80377E5-A8B6-4A6E-AAA5-4DFC7490E5D8}.Debug|Win32.ActiveCfg = Debug|Win32
		{C80377E5-A8B6-4A6E-AAA5-4DFC7490E5D8}.Debug|Win32.Build.0 = Debug|Win32
		{C80377E5-A8B6-4A6E-AAA5-4DFC7490E5D8}.Release|Win32.ActiveCfg = Release|Win32
		{C80377E5-A8B6-4A6E-AAA5-4DFC7490E5D8}.Release|Win32.Build.0 = Release|Win32
		{293D1EA0-363F-49CE-9EA9-F69907D5246B}.Debug|Win32.ActiveCfg = Debug|Win32
		{293D1EA0-363F-49CE-9EA9-F69907D5246B}.Debug|Win32.Build.0 = Debug|Win32
		{293D1EA0-363F-49CE-9EA9-F69907D5246B}.Release|Win32.ActiveCfg = Release|Win32
		{293D1EA0-363F-49CE-9EA9-F69907D5246B}.Release|Win32.Build.0 = Release|Win32
	EndGlobalSection
	GlobalSection(SolutionProperties) = preSolution
		HideSolutionNode = FALSE
	EndGlobalSection
EndGlobal
